
Microsoft Visual Studio Solution File, Format Version 12.00
# Visual Studio Version 16
VisualStudioVersion = 16.0.29709.97
MinimumVisualStudioVersion = 10.0.40219.1
Project("{9A19103F-16F7-4668-BE54-9A1E7A4F7556}") = "DotNetCrud", "DotNetCRUD\DotNetCrud.csproj", "{00015311-175A-4913-80D1-F9F5B20D3585}"
EndProject
Project("{9A19103F-16F7-4668-BE54-9A1E7A4F7556}") = "DotNetCrud.Example", "WebApplication1\DotNetCrud.Example.csproj", "{395C5859-0F3D-433D-AE0C-55989B61197D}"
EndProject
Global
	GlobalSection(SolutionConfigurationPlatforms) = preSolution
		Debug|Any CPU = Debug|Any CPU
		Release|Any CPU = Release|Any CPU
	EndGlobalSection
	GlobalSection(ProjectConfigurationPlatforms) = postSolution
		{00015311-175A-4913-80D1-F9F5B20D3585}.Debug|Any CPU.ActiveCfg = Debug|Any CPU
		{00015311-175A-4913-80D1-F9F5B20D3585}.Debug|Any CPU.Build.0 = Debug|Any CPU
		{00015311-175A-4913-80D1-F9F5B20D3585}.Release|Any CPU.ActiveCfg = Release|Any CPU
		{00015311-175A-4913-80D1-F9F5B20D3585}.Release|Any CPU.Build.0 = Release|Any CPU
		{395C5859-0F3D-433D-AE0C-55989B61197D}.Debug|Any CPU.ActiveCfg = Debug|Any CPU
		{395C5859-0F3D-433D-AE0C-55989B61197D}.Debug|Any CPU.Build.0 = Debug|Any CPU
		{395C5859-0F3D-433D-AE0C-55989B61197D}.Release|Any CPU.ActiveCfg = Release|Any CPU
		{395C5859-0F3D-433D-AE0C-55989B61197D}.Release|Any CPU.Build.0 = Release|Any CPU
	EndGlobalSection
	GlobalSection(SolutionProperties) = preSolution
		HideSolutionNode = FALSE
	EndGlobalSection
	GlobalSection(ExtensibilityGlobals) = postSolution
		SolutionGuid = {EAA4387C-6FB8-4C84-8B46-3C1E63784B31}
	EndGlobalSection
EndGlobal
